// !$*UTF8*$!
{
	archiveVersion = 1;
	classes = {
	};
	objectVersion = 56;
	objects = {

/* Begin PBXBuildFile section */
		622FE6BE2A8D447B00CBCF9E /* AppColor.swift in Sources */ = {isa = PBXBuildFile; fileRef = 622FE6BD2A8D447B00CBCF9E /* AppColor.swift */; };
		622FE6C02A8D461800CBCF9E /* RecipeCategoryGridView.swift in Sources */ = {isa = PBXBuildFile; fileRef = 622FE6BF2A8D461800CBCF9E /* RecipeCategoryGridView.swift */; };
		622FE6C32A8D4C7600CBCF9E /* ModifyRecipeView.swift in Sources */ = {isa = PBXBuildFile; fileRef = 622FE6C22A8D4C7600CBCF9E /* ModifyRecipeView.swift */; };
		627E3AE92A8C32B9000791EC /* CookcademyApp.swift in Sources */ = {isa = PBXBuildFile; fileRef = 627E3AE82A8C32B9000791EC /* CookcademyApp.swift */; };
		627E3AED2A8C32B9000791EC /* Assets.xcassets in Resources */ = {isa = PBXBuildFile; fileRef = 627E3AEC2A8C32B9000791EC /* Assets.xcassets */; };
		627E3AF02A8C32B9000791EC /* Preview Assets.xcassets in Resources */ = {isa = PBXBuildFile; fileRef = 627E3AEF2A8C32B9000791EC /* Preview Assets.xcassets */; };
		627E3AF82A8C32E2000791EC /* Recipe.swift in Sources */ = {isa = PBXBuildFile; fileRef = 627E3AF72A8C32E2000791EC /* Recipe.swift */; };
		627E3AFC2A8C33DA000791EC /* RecipesListView.swift in Sources */ = {isa = PBXBuildFile; fileRef = 627E3AFB2A8C33DA000791EC /* RecipesListView.swift */; };
		627E3AFE2A8C342A000791EC /* RecipeData.swift in Sources */ = {isa = PBXBuildFile; fileRef = 627E3AFD2A8C342A000791EC /* RecipeData.swift */; };
		627E3B002A8C372D000791EC /* RecipeDetailView.swift in Sources */ = {isa = PBXBuildFile; fileRef = 627E3AFF2A8C372D000791EC /* RecipeDetailView.swift */; };
/* End PBXBuildFile section */

/* Begin PBXFileReference section */
		622FE6BD2A8D447B00CBCF9E /* AppColor.swift */ = {isa = PBXFileReference; lastKnownFileType = sourcecode.swift; path = AppColor.swift; sourceTree = "<group>"; };
		622FE6BF2A8D461800CBCF9E /* RecipeCategoryGridView.swift */ = {isa = PBXFileReference; lastKnownFileType = sourcecode.swift; path = RecipeCategoryGridView.swift; sourceTree = "<group>"; };
		622FE6C22A8D4C7600CBCF9E /* ModifyRecipeView.swift */ = {isa = PBXFileReference; lastKnownFileType = sourcecode.swift; path = ModifyRecipeView.swift; sourceTree = "<group>"; };
		627E3AE52A8C32B9000791EC /* Cookcademy.app */ = {isa = PBXFileReference; explicitFileType = wrapper.application; includeInIndex = 0; path = Cookcademy.app; sourceTree = BUILT_PRODUCTS_DIR; };
		627E3AE82A8C32B9000791EC /* CookcademyApp.swift */ = {isa = PBXFileReference; lastKnownFileType = sourcecode.swift; path = CookcademyApp.swift; sourceTree = "<group>"; };
		627E3AEC2A8C32B9000791EC /* Assets.xcassets */ = {isa = PBXFileReference; lastKnownFileType = folder.assetcatalog; path = Assets.xcassets; sourceTree = "<group>"; };
		627E3AEF2A8C32B9000791EC /* Preview Assets.xcassets */ = {isa = PBXFileReference; lastKnownFileType = folder.assetcatalog; path = "Preview Assets.xcassets"; sourceTree = "<group>"; };
		627E3AF72A8C32E2000791EC /* Recipe.swift */ = {isa = PBXFileReference; lastKnownFileType = sourcecode.swift; path = Recipe.swift; sourceTree = "<group>"; };
		627E3AFB2A8C33DA000791EC /* RecipesListView.swift */ = {isa = PBXFileReference; lastKnownFileType = sourcecode.swift; path = RecipesListView.swift; sourceTree = "<group>"; };
		627E3AFD2A8C342A000791EC /* RecipeData.swift */ = {isa = PBXFileReference; lastKnownFileType = sourcecode.swift; path = RecipeData.swift; sourceTree = "<group>"; };
		627E3AFF2A8C372D000791EC /* RecipeDetailView.swift */ = {isa = PBXFileReference; lastKnownFileType = sourcecode.swift; path = RecipeDetailView.swift; sourceTree = "<group>"; };
/* End PBXFileReference section */

/* Begin PBXFrameworksBuildPhase section */
		627E3AE22A8C32B9000791EC /* Frameworks */ = {
			isa = PBXFrameworksBuildPhase;
			buildActionMask = 2147483647;
			files = (
			);
			runOnlyForDeploymentPostprocessing = 0;
		};
/* End PBXFrameworksBuildPhase section */

/* Begin PBXGroup section */
		622FE6BC2A8D446900CBCF9E /* Color */ = {
			isa = PBXGroup;
			children = (
				622FE6BD2A8D447B00CBCF9E /* AppColor.swift */,
			);
			path = Color;
			sourceTree = "<group>";
		};
		622FE6C12A8D4C5D00CBCF9E /* ModifyRecipes */ = {
			isa = PBXGroup;
			children = (
				622FE6C22A8D4C7600CBCF9E /* ModifyRecipeView.swift */,
			);
			path = ModifyRecipes;
			sourceTree = "<group>";
		};
		627E3ADC2A8C32B9000791EC = {
			isa = PBXGroup;
			children = (
				627E3AE72A8C32B9000791EC /* Cookcademy */,
				627E3AE62A8C32B9000791EC /* Products */,
			);
			sourceTree = "<group>";
		};
		627E3AE62A8C32B9000791EC /* Products */ = {
			isa = PBXGroup;
			children = (
				627E3AE52A8C32B9000791EC /* Cookcademy.app */,
			);
			name = Products;
			sourceTree = "<group>";
		};
		627E3AE72A8C32B9000791EC /* Cookcademy */ = {
			isa = PBXGroup;
			children = (
				627E3AE82A8C32B9000791EC /* CookcademyApp.swift */,
				627E3AF92A8C339D000791EC /* Views */,
				627E3AFA2A8C33A9000791EC /* ViewModels */,
				627E3AF62A8C32D5000791EC /* Models */,
				627E3AEC2A8C32B9000791EC /* Assets.xcassets */,
				627E3AEE2A8C32B9000791EC /* Preview Content */,
			);
			path = Cookcademy;
			sourceTree = "<group>";
		};
		627E3AEE2A8C32B9000791EC /* Preview Content */ = {
			isa = PBXGroup;
			children = (
				627E3AEF2A8C32B9000791EC /* Preview Assets.xcassets */,
			);
			path = "Preview Content";
			sourceTree = "<group>";
		};
		627E3AF62A8C32D5000791EC /* Models */ = {
			isa = PBXGroup;
			children = (
				627E3AF72A8C32E2000791EC /* Recipe.swift */,
			);
			path = Models;
			sourceTree = "<group>";
		};
		627E3AF92A8C339D000791EC /* Views */ = {
			isa = PBXGroup;
			children = (
				627E3AFB2A8C33DA000791EC /* RecipesListView.swift */,
				627E3AFF2A8C372D000791EC /* RecipeDetailView.swift */,
				622FE6BF2A8D461800CBCF9E /* RecipeCategoryGridView.swift */,
				622FE6C12A8D4C5D00CBCF9E /* ModifyRecipes */,
			);
			path = Views;
			sourceTree = "<group>";
		};
		627E3AFA2A8C33A9000791EC /* ViewModels */ = {
			isa = PBXGroup;
			children = (
				627E3AFD2A8C342A000791EC /* RecipeData.swift */,
				622FE6BC2A8D446900CBCF9E /* Color */,
			);
			path = ViewModels;
			sourceTree = "<group>";
		};
/* End PBXGroup section */

/* Begin PBXNativeTarget section */
		627E3AE42A8C32B9000791EC /* Cookcademy */ = {
			isa = PBXNativeTarget;
			buildConfigurationList = 627E3AF32A8C32B9000791EC /* Build configuration list for PBXNativeTarget "Cookcademy" */;
			buildPhases = (
				627E3AE12A8C32B9000791EC /* Sources */,
				627E3AE22A8C32B9000791EC /* Frameworks */,
				627E3AE32A8C32B9000791EC /* Resources */,
			);
			buildRules = (
			);
			dependencies = (
			);
			name = Cookcademy;
			productName = Cookcademy;
			productReference = 627E3AE52A8C32B9000791EC /* Cookcademy.app */;
			productType = "com.apple.product-type.application";
		};
/* End PBXNativeTarget section */

/* Begin PBXProject section */
		627E3ADD2A8C32B9000791EC /* Project object */ = {
			isa = PBXProject;
			attributes = {
				BuildIndependentTargetsInParallel = 1;
				LastSwiftUpdateCheck = 1430;
				LastUpgradeCheck = 1430;
				TargetAttributes = {
					627E3AE42A8C32B9000791EC = {
						CreatedOnToolsVersion = 14.3.1;
					};
				};
			};
			buildConfigurationList = 627E3AE02A8C32B9000791EC /* Build configuration list for PBXProject "Cookcademy" */;
			compatibilityVersion = "Xcode 14.0";
			developmentRegion = en;
			hasScannedForEncodings = 0;
			knownRegions = (
				en,
				Base,
			);
			mainGroup = 627E3ADC2A8C32B9000791EC;
			productRefGroup = 627E3AE62A8C32B9000791EC /* Products */;
			projectDirPath = "";
			projectRoot = "";
			targets = (
				627E3AE42A8C32B9000791EC /* Cookcademy */,
			);
		};
/* End PBXProject section */

/* Begin PBXResourcesBuildPhase section */
		627E3AE32A8C32B9000791EC /* Resources */ = {
			isa = PBXResourcesBuildPhase;
			buildActionMask = 2147483647;
			files = (
				627E3AF02A8C32B9000791EC /* Preview Assets.xcassets in Resources */,
				627E3AED2A8C32B9000791EC /* Assets.xcassets in Resources */,
			);
			runOnlyForDeploymentPostprocessing = 0;
		};
/* End PBXResourcesBuildPhase section */

/* Begin PBXSourcesBuildPhase section */
		627E3AE12A8C32B9000791EC /* Sources */ = {
			isa = PBXSourcesBuildPhase;
			buildActionMask = 2147483647;
			files = (
				627E3AF82A8C32E2000791EC /* Recipe.swift in Sources */,
				627E3B002A8C372D000791EC /* RecipeDetailView.swift in Sources */,
				622FE6C02A8D461800CBCF9E /* RecipeCategoryGridView.swift in Sources */,
				627E3AFE2A8C342A000791EC /* RecipeData.swift in Sources */,
				622FE6C32A8D4C7600CBCF9E /* ModifyRecipeView.swift in Sources */,
				627E3AFC2A8C33DA000791EC /* RecipesListView.swift in Sources */,
				627E3AE92A8C32B9000791EC /* CookcademyApp.swift in Sources */,
				622FE6BE2A8D447B00CBCF9E /* AppColor.swift in Sources */,
			);
			runOnlyForDeploymentPostprocessing = 0;
		};
/* End PBXSourcesBuildPhase section */

/* Begin XCBuildConfiguration section */
		627E3AF12A8C32B9000791EC /* Debug */ = {
			isa = XCBuildConfiguration;
			buildSettings = {
				ALWAYS_SEARCH_USER_PATHS = NO;
				CLANG_ANALYZER_NONNULL = YES;
				CLANG_ANALYZER_NUMBER_OBJECT_CONVERSION = YES_AGGRESSIVE;
				CLANG_CXX_LANGUAGE_STANDARD = "gnu++20";
				CLANG_ENABLE_MODULES = YES;
				CLANG_ENABLE_OBJC_ARC = YES;
				CLANG_ENABLE_OBJC_WEAK = YES;
				CLANG_WARN_BLOCK_CAPTURE_AUTORELEASING = YES;
				CLANG_WARN_BOOL_CONVERSION = YES;
				CLANG_WARN_COMMA = YES;
				CLANG_WARN_CONSTANT_CONVERSION = YES;
				CLANG_WARN_DEPRECATED_OBJC_IMPLEMENTATIONS = YES;
				CLANG_WARN_DIRECT_OBJC_ISA_USAGE = YES_ERROR;
				CLANG_WARN_DOCUMENTATION_COMMENTS = YES;
				CLANG_WARN_EMPTY_BODY = YES;
				CLANG_WARN_ENUM_CONVERSION = YES;
				CLANG_WARN_INFINITE_RECURSION = YES;
				CLANG_WARN_INT_CONVERSION = YES;
				CLANG_WARN_NON_LITERAL_NULL_CONVERSION = YES;
				CLANG_WARN_OBJC_IMPLICIT_RETAIN_SELF = YES;
				CLANG_WARN_OBJC_LITERAL_CONVERSION = YES;
				CLANG_WARN_OBJC_ROOT_CLASS = YES_ERROR;
				CLANG_WARN_QUOTED_INCLUDE_IN_FRAMEWORK_HEADER = YES;
				CLANG_WARN_RANGE_LOOP_ANALYSIS = YES;
				CLANG_WARN_STRICT_PROTOTYPES = YES;
				CLANG_WARN_SUSPICIOUS_MOVE = YES;
				CLANG_WARN_UNGUARDED_AVAILABILITY = YES_AGGRESSIVE;
				CLANG_WARN_UNREACHABLE_CODE = YES;
				CLANG_WARN__DUPLICATE_METHOD_MATCH = YES;
				COPY_PHASE_STRIP = NO;
				DEBUG_INFORMATION_FORMAT = dwarf;
				ENABLE_STRICT_OBJC_MSGSEND = YES;
				ENABLE_TESTABILITY = YES;
				GCC_C_LANGUAGE_STANDARD = gnu11;
				GCC_DYNAMIC_NO_PIC = NO;
				GCC_NO_COMMON_BLOCKS = YES;
				GCC_OPTIMIZATION_LEVEL = 0;
				GCC_PREPROCESSOR_DEFINITIONS = (
					"DEBUG=1",
					"$(inherited)",
				);
				GCC_WARN_64_TO_32_BIT_CONVERSION = YES;
				GCC_WARN_ABOUT_RETURN_TYPE = YES_ERROR;
				GCC_WARN_UNDECLARED_SELECTOR = YES;
				GCC_WARN_UNINITIALIZED_AUTOS = YES_AGGRESSIVE;
				GCC_WARN_UNUSED_FUNCTION = YES;
				GCC_WARN_UNUSED_VARIABLE = YES;
				IPHONEOS_DEPLOYMENT_TARGET = 16.4;
				MTL_ENABLE_DEBUG_INFO = INCLUDE_SOURCE;
				MTL_FAST_MATH = YES;
				ONLY_ACTIVE_ARCH = YES;
				SDKROOT = iphoneos;
				SWIFT_ACTIVE_COMPILATION_CONDITIONS = DEBUG;
				SWIFT_OPTIMIZATION_LEVEL = "-Onone";
			};
			name = Debug;
		};
		627E3AF22A8C32B9000791EC /* Release */ = {
			isa = XCBuildConfiguration;
			buildSettings = {
				ALWAYS_SEARCH_USER_PATHS = NO;
				CLANG_ANALYZER_NONNULL = YES;
				CLANG_ANALYZER_NUMBER_OBJECT_CONVERSION = YES_AGGRESSIVE;
				CLANG_CXX_LANGUAGE_STANDARD = "gnu++20";
				CLANG_ENABLE_MODULES = YES;
				CLANG_ENABLE_OBJC_ARC = YES;
				CLANG_ENABLE_OBJC_WEAK = YES;
				CLANG_WARN_BLOCK_CAPTURE_AUTORELEASING = YES;
				CLANG_WARN_BOOL_CONVERSION = YES;
				CLANG_WARN_COMMA = YES;
				CLANG_WARN_CONSTANT_CONVERSION = YES;
				CLANG_WARN_DEPRECATED_OBJC_IMPLEMENTATIONS = YES;
				CLANG_WARN_DIRECT_OBJC_ISA_USAGE = YES_ERROR;
				CLANG_WARN_DOCUMENTATION_COMMENTS = YES;
				CLANG_WARN_EMPTY_BODY = YES;
				CLANG_WARN_ENUM_CONVERSION = YES;
				CLANG_WARN_INFINITE_RECURSION = YES;
				CLANG_WARN_INT_CONVERSION = YES;
				CLANG_WARN_NON_LITERAL_NULL_CONVERSION = YES;
				CLANG_WARN_OBJC_IMPLICIT_RETAIN_SELF = YES;
				CLANG_WARN_OBJC_LITERAL_CONVERSION = YES;
				CLANG_WARN_OBJC_ROOT_CLASS = YES_ERROR;
				CLANG_WARN_QUOTED_INCLUDE_IN_FRAMEWORK_HEADER = YES;
				CLANG_WARN_RANGE_LOOP_ANALYSIS = YES;
				CLANG_WARN_STRICT_PROTOTYPES = YES;
				CLANG_WARN_SUSPICIOUS_MOVE = YES;
				CLANG_WARN_UNGUARDED_AVAILABILITY = YES_AGGRESSIVE;
				CLANG_WARN_UNREACHABLE_CODE = YES;
				CLANG_WARN__DUPLICATE_METHOD_MATCH = YES;
				COPY_PHASE_STRIP = NO;
				DEBUG_INFORMATION_FORMAT = "dwarf-with-dsym";
				ENABLE_NS_ASSERTIONS = NO;
				ENABLE_STRICT_OBJC_MSGSEND = YES;
				GCC_C_LANGUAGE_STANDARD = gnu11;
				GCC_NO_COMMON_BLOCKS = YES;
				GCC_WARN_64_TO_32_BIT_CONVERSION = YES;
				GCC_WARN_ABOUT_RETURN_TYPE = YES_ERROR;
				GCC_WARN_UNDECLARED_SELECTOR = YES;
				GCC_WARN_UNINITIALIZED_AUTOS = YES_AGGRESSIVE;
				GCC_WARN_UNUSED_FUNCTION = YES;
				GCC_WARN_UNUSED_VARIABLE = YES;
				IPHONEOS_DEPLOYMENT_TARGET = 16.4;
				MTL_ENABLE_DEBUG_INFO = NO;
				MTL_FAST_MATH = YES;
				SDKROOT = iphoneos;
				SWIFT_COMPILATION_MODE = wholemodule;
				SWIFT_OPTIMIZATION_LEVEL = "-O";
				VALIDATE_PRODUCT = YES;
			};
			name = Release;
		};
		627E3AF42A8C32B9000791EC /* Debug */ = {
			isa = XCBuildConfiguration;
			buildSettings = {
				ASSETCATALOG_COMPILER_APPICON_NAME = AppIcon;
				ASSETCATALOG_COMPILER_GLOBAL_ACCENT_COLOR_NAME = AccentColor;
				CODE_SIGN_STYLE = Automatic;
				CURRENT_PROJECT_VERSION = 1;
				DEVELOPMENT_ASSET_PATHS = "\"Cookcademy/Preview Content\"";
				ENABLE_PREVIEWS = YES;
				GENERATE_INFOPLIST_FILE = YES;
				INFOPLIST_KEY_UIApplicationSceneManifest_Generation = YES;
				INFOPLIST_KEY_UIApplicationSupportsIndirectInputEvents = YES;
				INFOPLIST_KEY_UILaunchScreen_Generation = YES;
				INFOPLIST_KEY_UISupportedInterfaceOrientations_iPad = "UIInterfaceOrientationPortrait UIInterfaceOrientationPortraitUpsideDown UIInterfaceOrientationLandscapeLeft UIInterfaceOrientationLandscapeRight";
				INFOPLIST_KEY_UISupportedInterfaceOrientations_iPhone = "UIInterfaceOrientationPortrait UIInterfaceOrientationLandscapeLeft UIInterfaceOrientationLandscapeRight";
				LD_RUNPATH_SEARCH_PATHS = (
					"$(inherited)",
					"@executable_path/Frameworks",
				);
				MARKETING_VERSION = 1.0;
				PRODUCT_BUNDLE_IDENTIFIER = com.JeremyManlangit.Cookcademy;
				PRODUCT_NAME = "$(TARGET_NAME)";
				SWIFT_EMIT_LOC_STRINGS = YES;
				SWIFT_VERSION = 5.0;
				TARGETED_DEVICE_FAMILY = "1,2";
			};
			name = Debug;
		};
		627E3AF52A8C32B9000791EC /* Release */ = {
			isa = XCBuildConfiguration;
			buildSettings = {
				ASSETCATALOG_COMPILER_APPICON_NAME = AppIcon;
				ASSETCATALOG_COMPILER_GLOBAL_ACCENT_COLOR_NAME = AccentColor;
				CODE_SIGN_STYLE = Automatic;
				CURRENT_PROJECT_VERSION = 1;
				DEVELOPMENT_ASSET_PATHS = "\"Cookcademy/Preview Content\"";
				ENABLE_PREVIEWS = YES;
				GENERATE_INFOPLIST_FILE = YES;
				INFOPLIST_KEY_UIApplicationSceneManifest_Generation = YES;
				INFOPLIST_KEY_UIApplicationSupportsIndirectInputEvents = YES;
				INFOPLIST_KEY_UILaunchScreen_Generation = YES;
				INFOPLIST_KEY_UISupportedInterfaceOrientations_iPad = "UIInterfaceOrientationPortrait UIInterfaceOrientationPortraitUpsideDown UIInterfaceOrientationLandscapeLeft UIInterfaceOrientationLandscapeRight";
				INFOPLIST_KEY_UISupportedInterfaceOrientations_iPhone = "UIInterfaceOrientationPortrait UIInterfaceOrientationLandscapeLeft UIInterfaceOrientationLandscapeRight";
				LD_RUNPATH_SEARCH_PATHS = (
					"$(inherited)",
					"@executable_path/Frameworks",
				);
				MARKETING_VERSION = 1.0;
				PRODUCT_BUNDLE_IDENTIFIER = com.JeremyManlangit.Cookcademy;
				PRODUCT_NAME = "$(TARGET_NAME)";
				SWIFT_EMIT_LOC_STRINGS = YES;
				SWIFT_VERSION = 5.0;
				TARGETED_DEVICE_FAMILY = "1,2";
			};
			name = Release;
		};
/* End XCBuildConfiguration section */

/* Begin XCConfigurationList section */
		627E3AE02A8C32B9000791EC /* Build configuration list for PBXProject "Cookcademy" */ = {
			isa = XCConfigurationList;
			buildConfigurations = (
				627E3AF12A8C32B9000791EC /* Debug */,
				627E3AF22A8C32B9000791EC /* Release */,
			);
			defaultConfigurationIsVisible = 0;
			defaultConfigurationName = Release;
		};
		627E3AF32A8C32B9000791EC /* Build configuration list for PBXNativeTarget "Cookcademy" */ = {
			isa = XCConfigurationList;
			buildConfigurations = (
				627E3AF42A8C32B9000791EC /* Debug */,
				627E3AF52A8C32B9000791EC /* Release */,
			);
			defaultConfigurationIsVisible = 0;
			defaultConfigurationName = Release;
		};
/* End XCConfigurationList section */
	};
	rootObject = 627E3ADD2A8C32B9000791EC /* Project object */;
}
